
Microsoft Visual Studio Solution File, Format Version 12.00
# Visual Studio Version 16
VisualStudioVersion = 16.0.29613.14
MinimumVisualStudioVersion = 10.0.40219.1
Project("{FAE04EC0-301F-11D3-BF4B-00C04F79EFBC}") = "FlooringOrderSystem.Data", "FlooringOrderSystem.Data\FlooringOrderSystem.Data.csproj", "{91CD040F-9DA8-478E-B3F3-20E259D87677}"
EndProject
Project("{FAE04EC0-301F-11D3-BF4B-00C04F79EFBC}") = "FlooringOrderSystem.BLL", "FlooringOrderSystem.BLL\FlooringOrderSystem.BLL.csproj", "{9BF7C5FE-06EA-455E-B921-4C615AA946BE}"
EndProject
Project("{FAE04EC0-301F-11D3-BF4B-00C04F79EFBC}") = "FlooringOrderSystem.Models", "FlooringOrderSystem.Models\FlooringOrderSystem.Models.csproj", "{20B55C78-90F6-45FD-9E96-0004121216E5}"
EndProject
Project("{FAE04EC0-301F-11D3-BF4B-00C04F79EFBC}") = "FlooringOrderSystem.UI", "FlooringOrderSystem.UI\FlooringOrderSystem.UI.csproj", "{E4997842-9795-48F9-A0E0-DC2E8804A6E1}"
EndProject
Project("{FAE04EC0-301F-11D3-BF4B-00C04F79EFBC}") = "FlooringOrderSystem.Tests", "FlooringOrderSystem.Tests\FlooringOrderSystem.Tests.csproj", "{D2CC8938-FD6B-4A1C-B4AE-71CE0013612A}"
EndProject
Global
	GlobalSection(SolutionConfigurationPlatforms) = preSolution
		Debug|Any CPU = Debug|Any CPU
		Release|Any CPU = Release|Any CPU
	EndGlobalSection
	GlobalSection(ProjectConfigurationPlatforms) = postSolution
		{91CD040F-9DA8-478E-B3F3-20E259D87677}.Debug|Any CPU.ActiveCfg = Debug|Any CPU
		{91CD040F-9DA8-478E-B3F3-20E259D87677}.Debug|Any CPU.Build.0 = Debug|Any CPU
		{91CD040F-9DA8-478E-B3F3-20E259D87677}.Release|Any CPU.ActiveCfg = Release|Any CPU
		{91CD040F-9DA8-478E-B3F3-20E259D87677}.Release|Any CPU.Build.0 = Release|Any CPU
		{9BF7C5FE-06EA-455E-B921-4C615AA946BE}.Debug|Any CPU.ActiveCfg = Debug|Any CPU
		{9BF7C5FE-06EA-455E-B921-4C615AA946BE}.Debug|Any CPU.Build.0 = Debug|Any CPU
		{9BF7C5FE-06EA-455E-B921-4C615AA946BE}.Release|Any CPU.ActiveCfg = Release|Any CPU
		{9BF7C5FE-06EA-455E-B921-4C615AA946BE}.Release|Any CPU.Build.0 = Release|Any CPU
		{20B55C78-90F6-45FD-9E96-0004121216E5}.Debug|Any CPU.ActiveCfg = Debug|Any CPU
		{20B55C78-90F6-45FD-9E96-0004121216E5}.Debug|Any CPU.Build.0 = Debug|Any CPU
		{20B55C78-90F6-45FD-9E96-0004121216E5}.Release|Any CPU.ActiveCfg = Release|Any CPU
		{20B55C78-90F6-45FD-9E96-0004121216E5}.Release|Any CPU.Build.0 = Release|Any CPU
		{E4997842-9795-48F9-A0E0-DC2E8804A6E1}.Debug|Any CPU.ActiveCfg = Debug|Any CPU
		{E4997842-9795-48F9-A0E0-DC2E8804A6E1}.Debug|Any CPU.Build.0 = Debug|Any CPU
		{E4997842-9795-48F9-A0E0-DC2E8804A6E1}.Release|Any CPU.ActiveCfg = Release|Any CPU
		{E4997842-9795-48F9-A0E0-DC2E8804A6E1}.Release|Any CPU.Build.0 = Release|Any CPU
		{D2CC8938-FD6B-4A1C-B4AE-71CE0013612A}.Debug|Any CPU.ActiveCfg = Debug|Any CPU
		{D2CC8938-FD6B-4A1C-B4AE-71CE0013612A}.Debug|Any CPU.Build.0 = Debug|Any CPU
		{D2CC8938-FD6B-4A1C-B4AE-71CE0013612A}.Release|Any CPU.ActiveCfg = Release|Any CPU
		{D2CC8938-FD6B-4A1C-B4AE-71CE0013612A}.Release|Any CPU.Build.0 = Release|Any CPU
	EndGlobalSection
	GlobalSection(SolutionProperties) = preSolution
		HideSolutionNode = FALSE
	EndGlobalSection
	GlobalSection(ExtensibilityGlobals) = postSolution
		SolutionGuid = {6FCD2C1C-DDC1-4878-B5CD-78C59EBB6E28}
	EndGlobalSection
EndGlobal
